<?xml version="1.0" encoding="utf-8"?>
<Project ToolsVersion="4.0" xmlns="http://schemas.microsoft.com/developer/msbuild/2003">
  <ItemGroup>
    <Filter Include="Form Files">
      <UniqueIdentifier>{99349809-55BA-4b9d-BF79-8FDBB0286EB3}</UniqueIdentifier>
      <Extensions>ui</Extensions>
      <ParseFiles>false</ParseFiles>
    </Filter>
    <Filter Include="Form Files">
      <UniqueIdentifier>{99349809-55BA-4b9d-BF79-8FDBB0286EB3}</UniqueIdentifier>
      <Extensions>ui</Extensions>
      <ParseFiles>false</ParseFiles>
    </Filter>
    <Filter Include="Generated Files">
      <UniqueIdentifier>{71ED8ED8-ACB9-4CE9-BBE1-E00B30144E11}</UniqueIdentifier>
      <Extensions>cpp;c;cxx;moc;h;def;odl;idl;res;</Extensions>
    </Filter>
    <Filter Include="Generated Files">
      <UniqueIdentifier>{71ED8ED8-ACB9-4CE9-BBE1-E00B30144E11}</UniqueIdentifier>
      <Extensions>cpp;c;cxx;moc;h;def;odl;idl;res;</Extensions>
    </Filter>
    <Filter Include="Header Files">
      <UniqueIdentifier>{93995380-89BD-4b04-88EB-625FBE52EBFB}</UniqueIdentifier>
      <Extensions>h;hpp;hxx;hm;inl;inc;xsd</Extensions>
    </Filter>
    <Filter Include="Header Files">
      <UniqueIdentifier>{93995380-89BD-4b04-88EB-625FBE52EBFB}</UniqueIdentifier>
      <Extensions>h;hpp;hxx;hm;inl;inc;xsd</Extensions>
    </Filter>
    <Filter Include="Resource Files">
      <UniqueIdentifier>{D9D6E242-F8AF-46E4-B9FD-80ECBC20BA3E}</UniqueIdentifier>
      <Extensions>qrc;*</Extensions>
      <ParseFiles>false</ParseFiles>
    </Filter>
    <Filter Include="Resource Files">
      <UniqueIdentifier>{D9D6E242-F8AF-46E4-B9FD-80ECBC20BA3E}</UniqueIdentifier>
      <Extensions>qrc;*</Extensions>
      <ParseFiles>false</ParseFiles>
    </Filter>
    <Filter Include="Source Files">
      <UniqueIdentifier>{4FC737F1-C7A5-4376-A066-2A32D752A2FF}</UniqueIdentifier>
      <Extensions>cpp;c;cxx;def;odl;idl;hpj;bat;asm;asmx</Extensions>
    </Filter>
    <Filter Include="Source Files">
      <UniqueIdentifier>{4FC737F1-C7A5-4376-A066-2A32D752A2FF}</UniqueIdentifier>
      <Extensions>cpp;c;cxx;def;odl;idl;hpj;bat;asm;asmx</Extensions>
    </Filter>
  </ItemGroup>
  <ItemGroup>
    <ClCompile Include="misc\Recipes\RecipeRequest.cpp">
      <Filter>Source Files</Filter>
    </ClCompile>
    <ClCompile Include="misc\TTS\TTSDialog.cpp">
      <Filter>Source Files</Filter>
    </ClCompile>
    <ClCompile Include="AirDialog\air_dialog.cpp">
      <Filter>Source Files</Filter>
    </ClCompile>
    <ClCompile Include="misc\camera\cameraget.cpp">
      <Filter>Source Files</Filter>
    </ClCompile>
    <ClCompile Include="SerialPort\dialogserial.cpp">
      <Filter>Source Files</Filter>
    </ClCompile>
    <ClCompile Include="misc\TTS\httprequest.cpp">
      <Filter>Source Files</Filter>
    </ClCompile>
    <ClCompile Include="MainWindow\main.cpp">
      <Filter>Source Files</Filter>
    </ClCompile>
    <ClCompile Include="MainWindow\mainwindow.cpp">
      <Filter>Source Files</Filter>
    </ClCompile>
    <ClCompile Include="PowerDialog\power_dialog.cpp">
      <Filter>Source Files</Filter>
    </ClCompile>
    <ClCompile Include="misc\TTS\pullword.cpp">
      <Filter>Source Files</Filter>
    </ClCompile>
    <ClCompile Include="misc\Recipes\recipedialog.cpp">
      <Filter>Source Files</Filter>
    </ClCompile>
    <ClCompile Include="misc\Recipes\recipeformhome.cpp">
      <Filter>Source Files</Filter>
    </ClCompile>
    <ClCompile Include="misc\Recipes\recipeformpage.cpp">
      <Filter>Source Files</Filter>
    </ClCompile>
    <ClCompile Include="SerialPort\serial_data.cpp">
      <Filter>Source Files</Filter>
    </ClCompile>
    <ClCompile Include="StatueDialog\status_dialog.cpp">
      <Filter>Source Files</Filter>
    </ClCompile>
    <ClCompile Include="misc\timer\time_dialog.cpp">
      <Filter>Source Files</Filter>
    </ClCompile>
    <ClCompile Include="Debug\moc_air_dialog.cpp">
      <Filter>Generated Files</Filter>
    </ClCompile>
    <ClCompile Include="Release\moc_air_dialog.cpp">
      <Filter>Generated Files</Filter>
    </ClCompile>
    <ClCompile Include="Debug\moc_TTSDialog.cpp">
      <Filter>Generated Files</Filter>
    </ClCompile>
    <ClCompile Include="Release\moc_TTSDialog.cpp">
      <Filter>Generated Files</Filter>
    </ClCompile>
    <ClCompile Include="Debug\moc_recipedialog.cpp">
      <Filter>Generated Files</Filter>
    </ClCompile>
    <ClCompile Include="Release\moc_recipedialog.cpp">
      <Filter>Generated Files</Filter>
    </ClCompile>
    <ClCompile Include="Debug\moc_pullword.cpp">
      <Filter>Generated Files</Filter>
    </ClCompile>
    <ClCompile Include="Release\moc_pullword.cpp">
      <Filter>Generated Files</Filter>
    </ClCompile>
    <ClCompile Include="Debug\moc_power_dialog.cpp">
      <Filter>Generated Files</Filter>
    </ClCompile>
    <ClCompile Include="Release\moc_power_dialog.cpp">
      <Filter>Generated Files</Filter>
    </ClCompile>
    <ClCompile Include="Debug\moc_mainwindow.cpp">
      <Filter>Generated Files</Filter>
    </ClCompile>
    <ClCompile Include="Release\moc_mainwindow.cpp">
      <Filter>Generated Files</Filter>
    </ClCompile>
    <ClCompile Include="Debug\moc_light_window_dialog.cpp">
      <Filter>Generated Files</Filter>
    </ClCompile>
    <ClCompile Include="Release\moc_light_window_dialog.cpp">
      <Filter>Generated Files</Filter>
    </ClCompile>
    <ClCompile Include="Debug\moc_httprequest.cpp">
      <Filter>Generated Files</Filter>
    </ClCompile>
    <ClCompile Include="Release\moc_httprequest.cpp">
      <Filter>Generated Files</Filter>
    </ClCompile>
    <ClCompile Include="Debug\moc_dialogserial.cpp">
      <Filter>Generated Files</Filter>
    </ClCompile>
    <ClCompile Include="Release\moc_dialogserial.cpp">
      <Filter>Generated Files</Filter>
    </ClCompile>
    <ClCompile Include="Debug\moc_cameraget.cpp">
      <Filter>Generated Files</Filter>
    </ClCompile>
    <ClCompile Include="Release\moc_cameraget.cpp">
      <Filter>Generated Files</Filter>
    </ClCompile>
    <ClCompile Include="Debug\moc_time_dialog.cpp">
      <Filter>Generated Files</Filter>
    </ClCompile>
    <ClCompile Include="Release\moc_time_dialog.cpp">
      <Filter>Generated Files</Filter>
    </ClCompile>
    <ClCompile Include="Debug\moc_status_dialog.cpp">
      <Filter>Generated Files</Filter>
    </ClCompile>
    <ClCompile Include="Release\moc_status_dialog.cpp">
      <Filter>Generated Files</Filter>
    </ClCompile>
    <ClCompile Include="Debug\moc_serial_data.cpp">
      <Filter>Generated Files</Filter>
    </ClCompile>
    <ClCompile Include="Release\moc_serial_data.cpp">
      <Filter>Generated Files</Filter>
    </ClCompile>
    <ClCompile Include="Debug\moc_recipeformpage.cpp">
      <Filter>Generated Files</Filter>
    </ClCompile>
    <ClCompile Include="Release\moc_recipeformpage.cpp">
      <Filter>Generated Files</Filter>
    </ClCompile>
    <ClCompile Include="Debug\moc_recipeformhome.cpp">
      <Filter>Generated Files</Filter>
    </ClCompile>
    <ClCompile Include="Release\moc_recipeformhome.cpp">
      <Filter>Generated Files</Filter>
    </ClCompile>
    <ClCompile Include="Debug\moc_RecipeRequest.cpp">
      <Filter>Generated Files</Filter>
    </ClCompile>
    <ClCompile Include="Release\moc_RecipeRequest.cpp">
      <Filter>Generated Files</Filter>
    </ClCompile>
    <ClCompile Include="GeneratedFiles\qrc_resource.cpp">
      <Filter>Generated Files</Filter>
    </ClCompile>
    <ClCompile Include="WindowDialog\light_window_dialog.cpp">
      <Filter>Source Files</Filter>
    </ClCompile>
  </ItemGroup>
  <ItemGroup>
    <CustomBuild Include="misc\Recipes\RecipeRequest.h">
      <Filter>Header Files</Filter>
    </CustomBuild>
    <CustomBuild Include="misc\TTS\TTSDialog.h">
      <Filter>Header Files</Filter>
    </CustomBuild>
    <CustomBuild Include="AirDialog\air_dialog.h">
      <Filter>Header Files</Filter>
    </CustomBuild>
    <CustomBuild Include="misc\camera\cameraget.h">
      <Filter>Header Files</Filter>
    </CustomBuild>
    <ClInclude Include="commonhelper.h">
      <Filter>Header Files</Filter>
    </ClInclude>
    <CustomBuild Include="SerialPort\dialogserial.h">
      <Filter>Header Files</Filter>
    </CustomBuild>
    <CustomBuild Include="misc\TTS\httprequest.h">
      <Filter>Header Files</Filter>
    </CustomBuild>
    <CustomBuild Include="MainWindow\mainwindow.h">
      <Filter>Header Files</Filter>
    </CustomBuild>
    <CustomBuild Include="PowerDialog\power_dialog.h">
      <Filter>Header Files</Filter>
    </CustomBuild>
    <CustomBuild Include="misc\TTS\pullword.h">
      <Filter>Header Files</Filter>
    </CustomBuild>
    <CustomBuild Include="misc\Recipes\recipedialog.h">
      <Filter>Header Files</Filter>
    </CustomBuild>
    <CustomBuild Include="misc\Recipes\recipeformhome.h">
      <Filter>Header Files</Filter>
    </CustomBuild>
    <CustomBuild Include="misc\Recipes\recipeformpage.h">
      <Filter>Header Files</Filter>
    </CustomBuild>
    <CustomBuild Include="SerialPort\serial_data.h">
      <Filter>Header Files</Filter>
    </CustomBuild>
    <CustomBuild Include="StatueDialog\status_dialog.h">
      <Filter>Header Files</Filter>
    </CustomBuild>
    <CustomBuild Include="misc\timer\time_dialog.h">
      <Filter>Header Files</Filter>
    </CustomBuild>
    <CustomBuild Include="WindowDialog\light_window_dialog.ui">
      <Filter>Form Files</Filter>
    </CustomBuild>
    <CustomBuild Include="WindowDialog\light_window_dialog.h">
      <Filter>Header Files</Filter>
    </CustomBuild>
  </ItemGroup>
  <ItemGroup>
    <CustomBuild Include="misc\TTS\TTSDialog.ui">
      <Filter>Form Files</Filter>
    </CustomBuild>
    <CustomBuild Include="AirDialog\air_dialog.ui">
      <Filter>Form Files</Filter>
    </CustomBuild>
    <CustomBuild Include="misc\camera\cameraget.ui">
      <Filter>Form Files</Filter>
    </CustomBuild>
    <CustomBuild Include="SerialPort\dialogserial.ui">
      <Filter>Form Files</Filter>
    </CustomBuild>
    <CustomBuild Include="MainWindow\mainwindow.ui">
      <Filter>Form Files</Filter>
    </CustomBuild>
    <CustomBuild Include="PowerDialog\power_dialog.ui">
      <Filter>Form Files</Filter>
    </CustomBuild>
    <CustomBuild Include="misc\Recipes\recipedialog.ui">
      <Filter>Form Files</Filter>
    </CustomBuild>
    <CustomBuild Include="misc\Recipes\recipeformhome.ui">
      <Filter>Form Files</Filter>
    </CustomBuild>
    <CustomBuild Include="misc\Recipes\recipeformpage.ui">
      <Filter>Form Files</Filter>
    </CustomBuild>
    <CustomBuild Include="StatueDialog\status_dialog.ui">
      <Filter>Form Files</Filter>
    </CustomBuild>
    <CustomBuild Include="misc\timer\time_dialog.ui">
      <Filter>Form Files</Filter>
    </CustomBuild>
  </ItemGroup>
  <ItemGroup>
    <None Include="Res\image\air.png">
      <Filter>Resource Files</Filter>
    </None>
    <None Include="Res\image\back_left.png">
      <Filter>Resource Files</Filter>
    </None>
    <None Include="Res\image\back_right.png">
      <Filter>Resource Files</Filter>
    </None>
    <None Include="Res\image\background.png">
      <Filter>Resource Files</Filter>
    </None>
    <None Include="Res\image\button_black.png">
      <Filter>Resource Files</Filter>
    </None>
    <None Include="Res\image\button_white.png">
      <Filter>Resource Files</Filter>
    </None>
    <None Include="Res\image\button_yellow.png">
      <Filter>Resource Files</Filter>
    </None>
    <None Include="Res\image\buttonback.png">
      <Filter>Resource Files</Filter>
    </None>
    <None Include="Res\image\buttonback_p.png">
      <Filter>Resource Files</Filter>
    </None>
    <None Include="Res\image\checkbox.png">
      <Filter>Resource Files</Filter>
    </None>
    <None Include="Res\image\clear_to_overcast.png">
      <Filter>Resource Files</Filter>
    </None>
    <None Include="Res\image\cloudy.png">
      <Filter>Resource Files</Filter>
    </None>
    <None Include="Res\image\curtain.gif">
      <Filter>Resource Files</Filter>
    </None>
    <None Include="Res\image\curtain.png">
      <Filter>Resource Files</Filter>
    </None>
    <None Include="Res\image\down_arrow.png">
      <Filter>Resource Files</Filter>
    </None>
    <None Include="Res\image\fine.png">
      <Filter>Resource Files</Filter>
    </None>
    <None Include="Res\image\handle.png">
      <Filter>Resource Files</Filter>
    </None>
    <None Include="Res\image\heavy_rain.png">
      <Filter>Resource Files</Filter>
    </None>
    <None Include="Res\image\heavy_snow.png">
      <Filter>Resource Files</Filter>
    </None>
    <None Include="Res\image\light.png">
      <Filter>Resource Files</Filter>
    </None>
    <None Include="Res\Gifs\load.gif">
      <Filter>Resource Files</Filter>
    </None>
    <None Include="Res\image\mainwindow.png">
      <Filter>Resource Files</Filter>
    </None>
    <None Include="Res\image\move.png">
      <Filter>Resource Files</Filter>
    </None>
    <None Include="Res\image\music.png">
      <Filter>Resource Files</Filter>
    </None>
    <None Include="Res\my.qss">
      <Filter>Resource Files</Filter>
    </None>
    <CustomBuild Include="resource.qrc">
      <Filter>Resource Files</Filter>
    </CustomBuild>
    <None Include="Res\image\scouther.png">
      <Filter>Resource Files</Filter>
    </None>
    <None Include="Res\image\security.png">
      <Filter>Resource Files</Filter>
    </None>
    <None Include="Res\image\selectback.png">
      <Filter>Resource Files</Filter>
    </None>
    <None Include="Res\image\setting.png">
      <Filter>Resource Files</Filter>
    </None>
    <None Include="Res\image\sleet.png">
      <Filter>Resource Files</Filter>
    </None>
    <None Include="Res\image\spit.png">
      <Filter>Resource Files</Filter>
    </None>
    <None Include="Res\image\talkback.png">
      <Filter>Resource Files</Filter>
    </None>
    <None Include="Res\image\thundershower.png">
      <Filter>Resource Files</Filter>
    </None>
    <None Include="Res\image\timedialog.png">
      <Filter>Resource Files</Filter>
    </None>
    <None Include="Res\image\tv.png">
      <Filter>Resource Files</Filter>
    </None>
    <None Include="..\README.md" />
  </ItemGroup>
  <ItemGroup>
    <ClInclude Include="GeneratedFiles\ui_TTSDialog.h">
      <Filter>Generated Files</Filter>
    </ClInclude>
    <ClInclude Include="GeneratedFiles\ui_air_dialog.h">
      <Filter>Generated Files</Filter>
    </ClInclude>
    <ClInclude Include="GeneratedFiles\ui_cameraget.h">
      <Filter>Generated Files</Filter>
    </ClInclude>
    <ClInclude Include="GeneratedFiles\ui_dialogserial.h">
      <Filter>Generated Files</Filter>
    </ClInclude>
    <ClInclude Include="GeneratedFiles\ui_light_window_dialog.h">
      <Filter>Generated Files</Filter>
    </ClInclude>
    <ClInclude Include="GeneratedFiles\ui_mainwindow.h">
      <Filter>Generated Files</Filter>
    </ClInclude>
    <ClInclude Include="GeneratedFiles\ui_power_dialog.h">
      <Filter>Generated Files</Filter>
    </ClInclude>
    <ClInclude Include="GeneratedFiles\ui_recipedialog.h">
      <Filter>Generated Files</Filter>
    </ClInclude>
    <ClInclude Include="GeneratedFiles\ui_recipeformhome.h">
      <Filter>Generated Files</Filter>
    </ClInclude>
    <ClInclude Include="GeneratedFiles\ui_recipeformpage.h">
      <Filter>Generated Files</Filter>
    </ClInclude>
    <ClInclude Include="GeneratedFiles\ui_status_dialog.h">
      <Filter>Generated Files</Filter>
    </ClInclude>
    <ClInclude Include="GeneratedFiles\ui_time_dialog.h">
      <Filter>Generated Files</Filter>
    </ClInclude>
  </ItemGroup>
</Project>